
Microsoft Visual Studio Solution File, Format Version 12.00
# Visual Studio Version 16
VisualStudioVersion = 16.0.29411.108
MinimumVisualStudioVersion = 10.0.40219.1
Project("{FAE04EC0-301F-11D3-BF4B-00C04F79EFBC}") = "STKMonitor", "STKMonitor\STKMonitor.csproj", "{427114DE-39A0-4152-BEE8-BB8918A946BA}"
EndProject
Project("{FAE04EC0-301F-11D3-BF4B-00C04F79EFBC}") = "STKMonitor.UI", "STKMonitor.UI\STKMonitor.UI.csproj", "{3CF4C9C5-C6FF-4764-A368-7492A6D75AC6}"
EndProject
Global
	GlobalSection(SolutionConfigurationPlatforms) = preSolution
		Debug|Any CPU = Debug|Any CPU
		Release|Any CPU = Release|Any CPU
	EndGlobalSection
	GlobalSection(ProjectConfigurationPlatforms) = postSolution
		{427114DE-39A0-4152-BEE8-BB8918A946BA}.Debug|Any CPU.ActiveCfg = Debug|Any CPU
		{427114DE-39A0-4152-BEE8-BB8918A946BA}.Debug|Any CPU.Build.0 = Debug|Any CPU
		{427114DE-39A0-4152-BEE8-BB8918A946BA}.Release|Any CPU.ActiveCfg = Release|Any CPU
		{427114DE-39A0-4152-BEE8-BB8918A946BA}.Release|Any CPU.Build.0 = Release|Any CPU
		{3CF4C9C5-C6FF-4764-A368-7492A6D75AC6}.Debug|Any CPU.ActiveCfg = Debug|Any CPU
		{3CF4C9C5-C6FF-4764-A368-7492A6D75AC6}.Debug|Any CPU.Build.0 = Debug|Any CPU
		{3CF4C9C5-C6FF-4764-A368-7492A6D75AC6}.Release|Any CPU.ActiveCfg = Release|Any CPU
		{3CF4C9C5-C6FF-4764-A368-7492A6D75AC6}.Release|Any CPU.Build.0 = Release|Any CPU
	EndGlobalSection
	GlobalSection(SolutionProperties) = preSolution
		HideSolutionNode = FALSE
	EndGlobalSection
	GlobalSection(ExtensibilityGlobals) = postSolution
		SolutionGuid = {91391225-8406-4749-B6FB-22F75825A442}
	EndGlobalSection
EndGlobal
